
Microsoft Visual Studio Solution File, Format Version 10.00
# Visual Studio 2008
Project("{2150E333-8FDC-42A3-9474-1A3956D46DE8}") = "Documents", "Documents", "{B49F7555-F393-4CAE-96C5-FFE5B586B7D1}"
	ProjectSection(SolutionItems) = preProject
		gpl-3.0.txt = gpl-3.0.txt
		LevelSets\microcosmos.txt = LevelSets\microcosmos.txt
		LevelSets\minicosmos.txt = LevelSets\minicosmos.txt
		LevelSets\nabokosmos.txt = LevelSets\nabokosmos.txt
	EndProjectSection
EndProject
Project("{2150E333-8FDC-42A3-9474-1A3956D46DE8}") = "Applications", "Applications", "{0A7FE9DE-1651-41B7-A8AD-D5F81CABF4E0}"
EndProject
Project("{FAE04EC0-301F-11D3-BF4B-00C04F79EFBC}") = "Engine", "Engine\Engine.csproj", "{0DD8D98A-9069-480C-AF99-C8234E8E4018}"
EndProject
Project("{FAE04EC0-301F-11D3-BF4B-00C04F79EFBC}") = "Player", "Player\Player.csproj", "{F7C37A10-4594-494C-B981-BEF882E8FE4D}"
EndProject
Project("{FAE04EC0-301F-11D3-BF4B-00C04F79EFBC}") = "DeadlockTool", "DeadlockTool\DeadlockTool.csproj", "{3CAB2ECC-4EEB-469A-A9B0-FAFF1A383995}"
EndProject
Project("{FAE04EC0-301F-11D3-BF4B-00C04F79EFBC}") = "LevelSorter", "LevelSorter\LevelSorter.csproj", "{AC2E1714-944C-4E12-AFD3-35C3581D8F5C}"
EndProject
Project("{FAE04EC0-301F-11D3-BF4B-00C04F79EFBC}") = "LevelGenerator", "LevelGenerator\LevelGenerator.csproj", "{1892635F-D2E2-485B-BFAC-8DB70835617B}"
EndProject
Project("{FAE04EC0-301F-11D3-BF4B-00C04F79EFBC}") = "UnitTests", "UnitTests\UnitTests.csproj", "{31BAE4EE-4281-4885-8176-4DDE79E0E000}"
EndProject
Project("{FAE04EC0-301F-11D3-BF4B-00C04F79EFBC}") = "SolverTool", "SolverTool\SolverTool.csproj", "{437CE06B-E9E4-4619-A002-190A672ABE30}"
EndProject
Global
	GlobalSection(SolutionConfigurationPlatforms) = preSolution
		Debug|Any CPU = Debug|Any CPU
		Release (Reference)|Any CPU = Release (Reference)|Any CPU
		Release|Any CPU = Release|Any CPU
	EndGlobalSection
	GlobalSection(ProjectConfigurationPlatforms) = postSolution
		{0DD8D98A-9069-480C-AF99-C8234E8E4018}.Debug|Any CPU.ActiveCfg = Debug|Any CPU
		{0DD8D98A-9069-480C-AF99-C8234E8E4018}.Debug|Any CPU.Build.0 = Debug|Any CPU
		{0DD8D98A-9069-480C-AF99-C8234E8E4018}.Release (Reference)|Any CPU.ActiveCfg = Release (Reference)|Any CPU
		{0DD8D98A-9069-480C-AF99-C8234E8E4018}.Release (Reference)|Any CPU.Build.0 = Release (Reference)|Any CPU
		{0DD8D98A-9069-480C-AF99-C8234E8E4018}.Release|Any CPU.ActiveCfg = Release|Any CPU
		{0DD8D98A-9069-480C-AF99-C8234E8E4018}.Release|Any CPU.Build.0 = Release|Any CPU
		{F7C37A10-4594-494C-B981-BEF882E8FE4D}.Debug|Any CPU.ActiveCfg = Debug|Any CPU
		{F7C37A10-4594-494C-B981-BEF882E8FE4D}.Debug|Any CPU.Build.0 = Debug|Any CPU
		{F7C37A10-4594-494C-B981-BEF882E8FE4D}.Release (Reference)|Any CPU.ActiveCfg = Release (Reference)|Any CPU
		{F7C37A10-4594-494C-B981-BEF882E8FE4D}.Release (Reference)|Any CPU.Build.0 = Release (Reference)|Any CPU
		{F7C37A10-4594-494C-B981-BEF882E8FE4D}.Release|Any CPU.ActiveCfg = Release|Any CPU
		{F7C37A10-4594-494C-B981-BEF882E8FE4D}.Release|Any CPU.Build.0 = Release|Any CPU
		{3CAB2ECC-4EEB-469A-A9B0-FAFF1A383995}.Debug|Any CPU.ActiveCfg = Debug|Any CPU
		{3CAB2ECC-4EEB-469A-A9B0-FAFF1A383995}.Debug|Any CPU.Build.0 = Debug|Any CPU
		{3CAB2ECC-4EEB-469A-A9B0-FAFF1A383995}.Release (Reference)|Any CPU.ActiveCfg = Release (Reference)|Any CPU
		{3CAB2ECC-4EEB-469A-A9B0-FAFF1A383995}.Release (Reference)|Any CPU.Build.0 = Release (Reference)|Any CPU
		{3CAB2ECC-4EEB-469A-A9B0-FAFF1A383995}.Release|Any CPU.ActiveCfg = Release|Any CPU
		{3CAB2ECC-4EEB-469A-A9B0-FAFF1A383995}.Release|Any CPU.Build.0 = Release|Any CPU
		{AC2E1714-944C-4E12-AFD3-35C3581D8F5C}.Debug|Any CPU.ActiveCfg = Debug|Any CPU
		{AC2E1714-944C-4E12-AFD3-35C3581D8F5C}.Debug|Any CPU.Build.0 = Debug|Any CPU
		{AC2E1714-944C-4E12-AFD3-35C3581D8F5C}.Release (Reference)|Any CPU.ActiveCfg = Release (Reference)|Any CPU
		{AC2E1714-944C-4E12-AFD3-35C3581D8F5C}.Release (Reference)|Any CPU.Build.0 = Release (Reference)|Any CPU
		{AC2E1714-944C-4E12-AFD3-35C3581D8F5C}.Release|Any CPU.ActiveCfg = Release|Any CPU
		{AC2E1714-944C-4E12-AFD3-35C3581D8F5C}.Release|Any CPU.Build.0 = Release|Any CPU
		{1892635F-D2E2-485B-BFAC-8DB70835617B}.Debug|Any CPU.ActiveCfg = Debug|Any CPU
		{1892635F-D2E2-485B-BFAC-8DB70835617B}.Debug|Any CPU.Build.0 = Debug|Any CPU
		{1892635F-D2E2-485B-BFAC-8DB70835617B}.Release (Reference)|Any CPU.ActiveCfg = Release (Reference)|Any CPU
		{1892635F-D2E2-485B-BFAC-8DB70835617B}.Release (Reference)|Any CPU.Build.0 = Release (Reference)|Any CPU
		{1892635F-D2E2-485B-BFAC-8DB70835617B}.Release|Any CPU.ActiveCfg = Release|Any CPU
		{1892635F-D2E2-485B-BFAC-8DB70835617B}.Release|Any CPU.Build.0 = Release|Any CPU
		{31BAE4EE-4281-4885-8176-4DDE79E0E000}.Debug|Any CPU.ActiveCfg = Debug|Any CPU
		{31BAE4EE-4281-4885-8176-4DDE79E0E000}.Debug|Any CPU.Build.0 = Debug|Any CPU
		{31BAE4EE-4281-4885-8176-4DDE79E0E000}.Release (Reference)|Any CPU.ActiveCfg = Release (Reference)|Any CPU
		{31BAE4EE-4281-4885-8176-4DDE79E0E000}.Release (Reference)|Any CPU.Build.0 = Release (Reference)|Any CPU
		{31BAE4EE-4281-4885-8176-4DDE79E0E000}.Release|Any CPU.ActiveCfg = Release|Any CPU
		{31BAE4EE-4281-4885-8176-4DDE79E0E000}.Release|Any CPU.Build.0 = Release|Any CPU
		{437CE06B-E9E4-4619-A002-190A672ABE30}.Debug|Any CPU.ActiveCfg = Debug|Any CPU
		{437CE06B-E9E4-4619-A002-190A672ABE30}.Debug|Any CPU.Build.0 = Debug|Any CPU
		{437CE06B-E9E4-4619-A002-190A672ABE30}.Release (Reference)|Any CPU.ActiveCfg = Release (Reference)|Any CPU
		{437CE06B-E9E4-4619-A002-190A672ABE30}.Release (Reference)|Any CPU.Build.0 = Release (Reference)|Any CPU
		{437CE06B-E9E4-4619-A002-190A672ABE30}.Release|Any CPU.ActiveCfg = Release|Any CPU
		{437CE06B-E9E4-4619-A002-190A672ABE30}.Release|Any CPU.Build.0 = Release|Any CPU
	EndGlobalSection
	GlobalSection(SolutionProperties) = preSolution
		HideSolutionNode = FALSE
	EndGlobalSection
	GlobalSection(NestedProjects) = preSolution
		{F7C37A10-4594-494C-B981-BEF882E8FE4D} = {0A7FE9DE-1651-41B7-A8AD-D5F81CABF4E0}
		{3CAB2ECC-4EEB-469A-A9B0-FAFF1A383995} = {0A7FE9DE-1651-41B7-A8AD-D5F81CABF4E0}
		{AC2E1714-944C-4E12-AFD3-35C3581D8F5C} = {0A7FE9DE-1651-41B7-A8AD-D5F81CABF4E0}
		{1892635F-D2E2-485B-BFAC-8DB70835617B} = {0A7FE9DE-1651-41B7-A8AD-D5F81CABF4E0}
		{31BAE4EE-4281-4885-8176-4DDE79E0E000} = {0A7FE9DE-1651-41B7-A8AD-D5F81CABF4E0}
		{437CE06B-E9E4-4619-A002-190A672ABE30} = {0A7FE9DE-1651-41B7-A8AD-D5F81CABF4E0}
	EndGlobalSection
EndGlobal
